
Microsoft Visual Studio Solution File, Format Version 12.00
# Visual Studio 14
VisualStudioVersion = 14.0.25420.1
MinimumVisualStudioVersion = 10.0.40219.1
Project("{FAE04EC0-301F-11D3-BF4B-00C04F79EFBC}") = "IOCPractice", "IOCPractice\IOCPractice.csproj", "{F9BA133E-ADBD-4420-92F9-CC1EC8F8D648}"
EndProject
Project("{FAE04EC0-301F-11D3-BF4B-00C04F79EFBC}") = "IOCPracticeDAL", "IOCPracticeDAL\IOCPracticeDAL.csproj", "{E116C263-FFC5-4838-A0F8-0344FF23967A}"
EndProject
Project("{FAE04EC0-301F-11D3-BF4B-00C04F79EFBC}") = "IOCPracticeModel", "IOCPracticeModel\IOCPracticeModel.csproj", "{CAB75C90-E2FC-4EC2-B88C-00B33EF09D71}"
EndProject
Project("{FAE04EC0-301F-11D3-BF4B-00C04F79EFBC}") = "IOCPracticeCommon", "IOCPracticeCommon\IOCPracticeCommon.csproj", "{76D1BB35-90EB-462F-82CD-3D1DAF46C298}"
EndProject
Project("{FAE04EC0-301F-11D3-BF4B-00C04F79EFBC}") = "IOCPracticeBLL", "IOCPracticeBLL\IOCPracticeBLL.csproj", "{AF669997-B52B-4D3D-A161-D18E8D4CDCFA}"
EndProject
Project("{FAE04EC0-301F-11D3-BF4B-00C04F79EFBC}") = "IOCPracticeBusiness", "IOCPracticeBusiness\IOCPracticeBusiness.csproj", "{FB43D1E9-CA76-4CDD-AC54-B8A67449C9DB}"
EndProject
Project("{FAE04EC0-301F-11D3-BF4B-00C04F79EFBC}") = "IOCPracticeInterface", "IOCPracticeInterface\IOCPracticeInterface.csproj", "{02FFC3A4-C873-4ED0-9F20-819C27ED4C76}"
EndProject
Global
	GlobalSection(SolutionConfigurationPlatforms) = preSolution
		Debug|Any CPU = Debug|Any CPU
		Release|Any CPU = Release|Any CPU
	EndGlobalSection
	GlobalSection(ProjectConfigurationPlatforms) = postSolution
		{F9BA133E-ADBD-4420-92F9-CC1EC8F8D648}.Debug|Any CPU.ActiveCfg = Debug|Any CPU
		{F9BA133E-ADBD-4420-92F9-CC1EC8F8D648}.Debug|Any CPU.Build.0 = Debug|Any CPU
		{F9BA133E-ADBD-4420-92F9-CC1EC8F8D648}.Release|Any CPU.ActiveCfg = Release|Any CPU
		{F9BA133E-ADBD-4420-92F9-CC1EC8F8D648}.Release|Any CPU.Build.0 = Release|Any CPU
		{E116C263-FFC5-4838-A0F8-0344FF23967A}.Debug|Any CPU.ActiveCfg = Debug|Any CPU
		{E116C263-FFC5-4838-A0F8-0344FF23967A}.Debug|Any CPU.Build.0 = Debug|Any CPU
		{E116C263-FFC5-4838-A0F8-0344FF23967A}.Release|Any CPU.ActiveCfg = Release|Any CPU
		{E116C263-FFC5-4838-A0F8-0344FF23967A}.Release|Any CPU.Build.0 = Release|Any CPU
		{CAB75C90-E2FC-4EC2-B88C-00B33EF09D71}.Debug|Any CPU.ActiveCfg = Debug|Any CPU
		{CAB75C90-E2FC-4EC2-B88C-00B33EF09D71}.Debug|Any CPU.Build.0 = Debug|Any CPU
		{CAB75C90-E2FC-4EC2-B88C-00B33EF09D71}.Release|Any CPU.ActiveCfg = Release|Any CPU
		{CAB75C90-E2FC-4EC2-B88C-00B33EF09D71}.Release|Any CPU.Build.0 = Release|Any CPU
		{76D1BB35-90EB-462F-82CD-3D1DAF46C298}.Debug|Any CPU.ActiveCfg = Debug|Any CPU
		{76D1BB35-90EB-462F-82CD-3D1DAF46C298}.Debug|Any CPU.Build.0 = Debug|Any CPU
		{76D1BB35-90EB-462F-82CD-3D1DAF46C298}.Release|Any CPU.ActiveCfg = Release|Any CPU
		{76D1BB35-90EB-462F-82CD-3D1DAF46C298}.Release|Any CPU.Build.0 = Release|Any CPU
		{AF669997-B52B-4D3D-A161-D18E8D4CDCFA}.Debug|Any CPU.ActiveCfg = Debug|Any CPU
		{AF669997-B52B-4D3D-A161-D18E8D4CDCFA}.Debug|Any CPU.Build.0 = Debug|Any CPU
		{AF669997-B52B-4D3D-A161-D18E8D4CDCFA}.Release|Any CPU.ActiveCfg = Release|Any CPU
		{AF669997-B52B-4D3D-A161-D18E8D4CDCFA}.Release|Any CPU.Build.0 = Release|Any CPU
		{FB43D1E9-CA76-4CDD-AC54-B8A67449C9DB}.Debug|Any CPU.ActiveCfg = Debug|Any CPU
		{FB43D1E9-CA76-4CDD-AC54-B8A67449C9DB}.Debug|Any CPU.Build.0 = Debug|Any CPU
		{FB43D1E9-CA76-4CDD-AC54-B8A67449C9DB}.Release|Any CPU.ActiveCfg = Release|Any CPU
		{FB43D1E9-CA76-4CDD-AC54-B8A67449C9DB}.Release|Any CPU.Build.0 = Release|Any CPU
		{02FFC3A4-C873-4ED0-9F20-819C27ED4C76}.Debug|Any CPU.ActiveCfg = Debug|Any CPU
		{02FFC3A4-C873-4ED0-9F20-819C27ED4C76}.Debug|Any CPU.Build.0 = Debug|Any CPU
		{02FFC3A4-C873-4ED0-9F20-819C27ED4C76}.Release|Any CPU.ActiveCfg = Release|Any CPU
		{02FFC3A4-C873-4ED0-9F20-819C27ED4C76}.Release|Any CPU.Build.0 = Release|Any CPU
	EndGlobalSection
	GlobalSection(SolutionProperties) = preSolution
		HideSolutionNode = FALSE
	EndGlobalSection
EndGlobal
